
Microsoft Visual Studio Solution File, Format Version 12.00
# Visual Studio Version 17
VisualStudioVersion = 17.14.36310.24 d17.14
MinimumVisualStudioVersion = 10.0.40219.1
Project("{FAE04EC0-301F-11D3-BF4B-00C04F79EFBC}") = "Application", "Application\Application.csproj", "{21591109-F1DB-4E45-98FB-3B6E8771E6CA}"
EndProject
Project("{FAE04EC0-301F-11D3-BF4B-00C04F79EFBC}") = "Domain", "Domain\Domain.csproj", "{3A7CB0B5-4AE2-4397-AA6B-61D864DD1BA3}"
EndProject
Project("{FAE04EC0-301F-11D3-BF4B-00C04F79EFBC}") = "Infraestructure", "Infraestructure\Infraestructure.csproj", "{0D97BA76-7D46-4FE4-B056-6FE55FD0A490}"
EndProject
Project("{FAE04EC0-301F-11D3-BF4B-00C04F79EFBC}") = "Utils", "Utils\Utils.csproj", "{39B7EE64-FC41-4350-B4F4-DBBC7284E45A}"
EndProject
Project("{FAE04EC0-301F-11D3-BF4B-00C04F79EFBC}") = "Api", "Api\Api.csproj", "{AA814217-9CE8-4C00-9CE6-419A90311C48}"
EndProject
Global
	GlobalSection(SolutionConfigurationPlatforms) = preSolution
		Debug|Any CPU = Debug|Any CPU
		Release|Any CPU = Release|Any CPU
	EndGlobalSection
	GlobalSection(ProjectConfigurationPlatforms) = postSolution
		{21591109-F1DB-4E45-98FB-3B6E8771E6CA}.Debug|Any CPU.ActiveCfg = Debug|Any CPU
		{21591109-F1DB-4E45-98FB-3B6E8771E6CA}.Debug|Any CPU.Build.0 = Debug|Any CPU
		{21591109-F1DB-4E45-98FB-3B6E8771E6CA}.Release|Any CPU.ActiveCfg = Release|Any CPU
		{21591109-F1DB-4E45-98FB-3B6E8771E6CA}.Release|Any CPU.Build.0 = Release|Any CPU
		{3A7CB0B5-4AE2-4397-AA6B-61D864DD1BA3}.Debug|Any CPU.ActiveCfg = Debug|Any CPU
		{3A7CB0B5-4AE2-4397-AA6B-61D864DD1BA3}.Debug|Any CPU.Build.0 = Debug|Any CPU
		{3A7CB0B5-4AE2-4397-AA6B-61D864DD1BA3}.Release|Any CPU.ActiveCfg = Release|Any CPU
		{3A7CB0B5-4AE2-4397-AA6B-61D864DD1BA3}.Release|Any CPU.Build.0 = Release|Any CPU
		{0D97BA76-7D46-4FE4-B056-6FE55FD0A490}.Debug|Any CPU.ActiveCfg = Debug|Any CPU
		{0D97BA76-7D46-4FE4-B056-6FE55FD0A490}.Debug|Any CPU.Build.0 = Debug|Any CPU
		{0D97BA76-7D46-4FE4-B056-6FE55FD0A490}.Release|Any CPU.ActiveCfg = Release|Any CPU
		{0D97BA76-7D46-4FE4-B056-6FE55FD0A490}.Release|Any CPU.Build.0 = Release|Any CPU
		{39B7EE64-FC41-4350-B4F4-DBBC7284E45A}.Debug|Any CPU.ActiveCfg = Debug|Any CPU
		{39B7EE64-FC41-4350-B4F4-DBBC7284E45A}.Debug|Any CPU.Build.0 = Debug|Any CPU
		{39B7EE64-FC41-4350-B4F4-DBBC7284E45A}.Release|Any CPU.ActiveCfg = Release|Any CPU
		{39B7EE64-FC41-4350-B4F4-DBBC7284E45A}.Release|Any CPU.Build.0 = Release|Any CPU
		{AA814217-9CE8-4C00-9CE6-419A90311C48}.Debug|Any CPU.ActiveCfg = Debug|Any CPU
		{AA814217-9CE8-4C00-9CE6-419A90311C48}.Debug|Any CPU.Build.0 = Debug|Any CPU
		{AA814217-9CE8-4C00-9CE6-419A90311C48}.Release|Any CPU.ActiveCfg = Release|Any CPU
		{AA814217-9CE8-4C00-9CE6-419A90311C48}.Release|Any CPU.Build.0 = Release|Any CPU
	EndGlobalSection
	GlobalSection(SolutionProperties) = preSolution
		HideSolutionNode = FALSE
	EndGlobalSection
	GlobalSection(ExtensibilityGlobals) = postSolution
		SolutionGuid = {00167814-47BD-440B-AFC1-994AA8C99CF1}
	EndGlobalSection
EndGlobal
